{
  "nodes": {
    "nbr": {
      "locked": {
        "lastModified": 1668122335,
        "narHash": "sha256-bIRSnZUJ3Cu7BxS8gELnxxBOnoe3vV0DXFASmsq2CNo=",
        "owner": "nixosbrasil",
        "repo": "nixpkgs-brasil",
        "rev": "c37fc502048dfdd8b2c15273aee86f7435121b13",
        "type": "github"
      },
      "original": {
        "owner": "nixosbrasil",
        "repo": "nixpkgs-brasil",
        "type": "github"
      }
    },
    "nixos-hardware": {
      "locked": {
        "lastModified": 1666851028,
        "narHash": "sha256-e6DpqCMGzlpkhZDuS2fdDX1DsauFk8NARqQ1DDF42VY=",
        "owner": "NixOS",
        "repo": "nixos-hardware",
        "rev": "dfd91284332a4882c504b4807b1922e0fe386621",
        "type": "github"
      },
      "original": {
        "owner": "NixOS",
        "repo": "nixos-hardware",
        "type": "github"
      }
    },
    "nixpkgs": {
      "locked": {
        "lastModified": 1666703756,
        "narHash": "sha256-GwpMJ1hT+z1fMAUkaGtvbvofJQwdVFDEGVhfE82+AUk=",
        "owner": "NixOS",
        "repo": "nixpkgs",
        "rev": "f994293d1eb8812f032e8919e10a594567cf6ef7",
        "type": "github"
      },
      "original": {
        "id": "nixpkgs",
        "ref": "nixos-unstable",
        "type": "indirect"
      }
    },
    "root": {
      "inputs": {
        "nbr": "nbr",
        "nixos-hardware": "nixos-hardware",
        "nixpkgs": "nixpkgs"
      }
    }
  },
  "root": "root",
  "version": 7
}
