{
  "nodes": {
    "nbr": {
      "locked": {
        "lastModified": 1666140938,
        "narHash": "sha256-pVUXxjwpdRPWTV0kKnZs4T7H3PKx4Hb04n+N3sWyHZI=",
        "owner": "nixosbrasil",
        "repo": "nixpkgs-brasil",
        "rev": "0589180d051fa9994061d6c887fbf63b64f4928b",
        "type": "github"
      },
      "original": {
        "owner": "nixosbrasil",
        "repo": "nixpkgs-brasil",
        "type": "github"
      }
    },
    "nixos-hardware": {
      "locked": {
        "lastModified": 1664628729,
        "narHash": "sha256-A1J0ZPhBfZZiWI6ipjKJ8+RpMllzOMu/An/8Tk3t4oo=",
        "owner": "NixOS",
        "repo": "nixos-hardware",
        "rev": "3024c67a2e9a35450558426c42e7419ab37efd95",
        "type": "github"
      },
      "original": {
        "owner": "NixOS",
        "repo": "nixos-hardware",
        "type": "github"
      }
    },
    "nixpkgs": {
      "locked": {
        "lastModified": 1664687381,
        "narHash": "sha256-9czSuDzS+OGGwq2kC4KXBLXWfYaup+oLB+AA1Md25U4=",
        "owner": "NixOS",
        "repo": "nixpkgs",
        "rev": "59d2991d4256cdca1c0cda45d876c80a0fe45c31",
        "type": "github"
      },
      "original": {
        "id": "nixpkgs",
        "ref": "nixos-unstable",
        "type": "indirect"
      }
    },
    "root": {
      "inputs": {
        "nbr": "nbr",
        "nixos-hardware": "nixos-hardware",
        "nixpkgs": "nixpkgs"
      }
    }
  },
  "root": "root",
  "version": 7
}
