{
  "nodes": {
    "nixos-hardware": {
      "locked": {
        "lastModified": 1662458987,
        "narHash": "sha256-hcDwRlsXZMp2Er3vQk1JEUZWhBPLVC9vTT4xHvhpcE0=",
        "owner": "NixOS",
        "repo": "nixos-hardware",
        "rev": "504b32caf83986b7e6b9c79c1c13008f83290f19",
        "type": "github"
      },
      "original": {
        "owner": "NixOS",
        "repo": "nixos-hardware",
        "type": "github"
      }
    },
    "nixpkgs": {
      "locked": {
        "lastModified": 1660215038,
        "narHash": "sha256-tqMyd5QB4MZh59wMHXqpro4hkKjz9ubQxkxFSuCuBGE=",
        "owner": "NixOS",
        "repo": "nixpkgs",
        "rev": "45c9736ed69800a6ff2164fb4538c9e40dad25d6",
        "type": "github"
      },
      "original": {
        "id": "nixpkgs",
        "ref": "nixos-22.05",
        "type": "indirect"
      }
    },
    "root": {
      "inputs": {
        "nixos-hardware": "nixos-hardware",
        "nixpkgs": "nixpkgs"
      }
    }
  },
  "root": "root",
  "version": 7
}
